
Microsoft Visual Studio Solution File, Format Version 12.00
# Visual Studio Version 17
VisualStudioVersion = 17.14.37012.4 d17.14
MinimumVisualStudioVersion = 10.0.40219.1
Project("{FAE04EC0-301F-11D3-BF4B-00C04F79EFBC}") = "IZUMIClientes.", "..\IZUMIClientes\IZUMIClientes\IZUMIClientes..csproj", "{BC269A2D-9F28-4D6C-B8CE-E10C76723896}"
EndProject
Global
	GlobalSection(SolutionConfigurationPlatforms) = preSolution
		Debug|Any CPU = Debug|Any CPU
		Release|Any CPU = Release|Any CPU
	EndGlobalSection
	GlobalSection(ProjectConfigurationPlatforms) = postSolution
		{BC269A2D-9F28-4D6C-B8CE-E10C76723896}.Debug|Any CPU.ActiveCfg = Debug|Any CPU
		{BC269A2D-9F28-4D6C-B8CE-E10C76723896}.Debug|Any CPU.Build.0 = Debug|Any CPU
		{BC269A2D-9F28-4D6C-B8CE-E10C76723896}.Release|Any CPU.ActiveCfg = Release|Any CPU
		{BC269A2D-9F28-4D6C-B8CE-E10C76723896}.Release|Any CPU.Build.0 = Release|Any CPU
	EndGlobalSection
	GlobalSection(SolutionProperties) = preSolution
		HideSolutionNode = FALSE
	EndGlobalSection
	GlobalSection(ExtensibilityGlobals) = postSolution
		SolutionGuid = {4D9999DA-2AD8-452A-BDB6-820B42A6E026}
	EndGlobalSection
EndGlobal
